// !$*UTF8*$!
{
	archiveVersion = 1;
	classes = {
	};
	objectVersion = 48;
	objects = {

/* Begin PBXBuildFile section */
		A54A394D20637F6A00CA6EBD /* AppDelegate.swift in Sources */ = {isa = PBXBuildFile; fileRef = A54A394C20637F6A00CA6EBD /* AppDelegate.swift */; };
		A54A394F20637F6A00CA6EBD /* CalendarController.swift in Sources */ = {isa = PBXBuildFile; fileRef = A54A394E20637F6A00CA6EBD /* CalendarController.swift */; };
		A54A395420637F6A00CA6EBD /* Assets.xcassets in Resources */ = {isa = PBXBuildFile; fileRef = A54A395320637F6A00CA6EBD /* Assets.xcassets */; };
		A54A395720637F6A00CA6EBD /* LaunchScreen.storyboard in Resources */ = {isa = PBXBuildFile; fileRef = A54A395520637F6A00CA6EBD /* LaunchScreen.storyboard */; };
		A54A396220637F6A00CA6EBD /* MyCalendarTests.swift in Sources */ = {isa = PBXBuildFile; fileRef = A54A396120637F6A00CA6EBD /* MyCalendarTests.swift */; };
		A54A396E2063886200CA6EBD /* CalendarView.swift in Sources */ = {isa = PBXBuildFile; fileRef = A54A396D2063886200CA6EBD /* CalendarView.swift */; };
		A592987D2064DF7A005E1F4D /* CalendarWeekCell.swift in Sources */ = {isa = PBXBuildFile; fileRef = A592987C2064DF7A005E1F4D /* CalendarWeekCell.swift */; };
		A592987F2064E220005E1F4D /* CalendarHeaderView.swift in Sources */ = {isa = PBXBuildFile; fileRef = A592987E2064E220005E1F4D /* CalendarHeaderView.swift */; };
		A59298822064ECE6005E1F4D /* Date+Extension.swift in Sources */ = {isa = PBXBuildFile; fileRef = A59298812064ECE6005E1F4D /* Date+Extension.swift */; };
		A59298842064ED07005E1F4D /* Calendar+Extension.swift in Sources */ = {isa = PBXBuildFile; fileRef = A59298832064ED07005E1F4D /* Calendar+Extension.swift */; };
		A592988B20663589005E1F4D /* UIScreen+Extension.swift in Sources */ = {isa = PBXBuildFile; fileRef = A592988A20663589005E1F4D /* UIScreen+Extension.swift */; };
		A592988F206A36AE005E1F4D /* CalendarDayView.swift in Sources */ = {isa = PBXBuildFile; fileRef = A592988E206A36AE005E1F4D /* CalendarDayView.swift */; };
		A5B5A719207437A800578966 /* CalendarFormatter.swift in Sources */ = {isa = PBXBuildFile; fileRef = A5B5A718207437A800578966 /* CalendarFormatter.swift */; };
		A5B5A71B2074391A00578966 /* Localizable.strings in Resources */ = {isa = PBXBuildFile; fileRef = A5B5A71A2074391A00578966 /* Localizable.strings */; };
		A5B5A71E2076AA4B00578966 /* CalendarEvents.swift in Sources */ = {isa = PBXBuildFile; fileRef = A5B5A71D2076AA4B00578966 /* CalendarEvents.swift */; };
		A5B5A721207702AF00578966 /* AgendaHeaderView.swift in Sources */ = {isa = PBXBuildFile; fileRef = A5B5A720207702AF00578966 /* AgendaHeaderView.swift */; };
		A5B5A723207702DE00578966 /* EmptyAgendaCell.swift in Sources */ = {isa = PBXBuildFile; fileRef = A5B5A722207702DE00578966 /* EmptyAgendaCell.swift */; };
		A5DFCB5B206B65960093D9F2 /* UIView+Extension.swift in Sources */ = {isa = PBXBuildFile; fileRef = A5DFCB5A206B65960093D9F2 /* UIView+Extension.swift */; };
		A5F2E527206F4E7900106F71 /* AgendaCell.swift in Sources */ = {isa = PBXBuildFile; fileRef = A5F2E526206F4E7900106F71 /* AgendaCell.swift */; };
		A5F87258207B47A000D488E9 /* AgendaView.swift in Sources */ = {isa = PBXBuildFile; fileRef = A5F87257207B47A000D488E9 /* AgendaView.swift */; };
/* End PBXBuildFile section */

/* Begin PBXContainerItemProxy section */
		A54A395E20637F6A00CA6EBD /* PBXContainerItemProxy */ = {
			isa = PBXContainerItemProxy;
			containerPortal = A54A394120637F6A00CA6EBD /* Project object */;
			proxyType = 1;
			remoteGlobalIDString = A54A394820637F6A00CA6EBD;
			remoteInfo = MyCalendar;
		};
/* End PBXContainerItemProxy section */

/* Begin PBXFileReference section */
		A54A394920637F6A00CA6EBD /* MyCalendar.app */ = {isa = PBXFileReference; explicitFileType = wrapper.application; includeInIndex = 0; path = MyCalendar.app; sourceTree = BUILT_PRODUCTS_DIR; };
		A54A394C20637F6A00CA6EBD /* AppDelegate.swift */ = {isa = PBXFileReference; lastKnownFileType = sourcecode.swift; path = AppDelegate.swift; sourceTree = "<group>"; };
		A54A394E20637F6A00CA6EBD /* CalendarController.swift */ = {isa = PBXFileReference; lastKnownFileType = sourcecode.swift; path = CalendarController.swift; sourceTree = "<group>"; };
		A54A395320637F6A00CA6EBD /* Assets.xcassets */ = {isa = PBXFileReference; lastKnownFileType = folder.assetcatalog; path = Assets.xcassets; sourceTree = "<group>"; };
		A54A395620637F6A00CA6EBD /* Base */ = {isa = PBXFileReference; lastKnownFileType = file.storyboard; name = Base; path = Base.lproj/LaunchScreen.storyboard; sourceTree = "<group>"; };
		A54A395820637F6A00CA6EBD /* Info.plist */ = {isa = PBXFileReference; lastKnownFileType = text.plist.xml; path = Info.plist; sourceTree = "<group>"; };
		A54A395D20637F6A00CA6EBD /* MyCalendarTests.xctest */ = {isa = PBXFileReference; explicitFileType = wrapper.cfbundle; includeInIndex = 0; path = MyCalendarTests.xctest; sourceTree = BUILT_PRODUCTS_DIR; };
		A54A396120637F6A00CA6EBD /* MyCalendarTests.swift */ = {isa = PBXFileReference; lastKnownFileType = sourcecode.swift; path = MyCalendarTests.swift; sourceTree = "<group>"; };
		A54A396320637F6A00CA6EBD /* Info.plist */ = {isa = PBXFileReference; lastKnownFileType = text.plist.xml; path = Info.plist; sourceTree = "<group>"; };
		A54A396D2063886200CA6EBD /* CalendarView.swift */ = {isa = PBXFileReference; lastKnownFileType = sourcecode.swift; path = CalendarView.swift; sourceTree = "<group>"; };
		A592987C2064DF7A005E1F4D /* CalendarWeekCell.swift */ = {isa = PBXFileReference; lastKnownFileType = sourcecode.swift; path = CalendarWeekCell.swift; sourceTree = "<group>"; };
		A592987E2064E220005E1F4D /* CalendarHeaderView.swift */ = {isa = PBXFileReference; lastKnownFileType = sourcecode.swift; path = CalendarHeaderView.swift; sourceTree = "<group>"; };
		A59298812064ECE6005E1F4D /* Date+Extension.swift */ = {isa = PBXFileReference; lastKnownFileType = sourcecode.swift; path = "Date+Extension.swift"; sourceTree = "<group>"; };
		A59298832064ED07005E1F4D /* Calendar+Extension.swift */ = {isa = PBXFileReference; lastKnownFileType = sourcecode.swift; path = "Calendar+Extension.swift"; sourceTree = "<group>"; };
		A592988A20663589005E1F4D /* UIScreen+Extension.swift */ = {isa = PBXFileReference; lastKnownFileType = sourcecode.swift; path = "UIScreen+Extension.swift"; sourceTree = "<group>"; };
		A592988E206A36AE005E1F4D /* CalendarDayView.swift */ = {isa = PBXFileReference; lastKnownFileType = sourcecode.swift; path = CalendarDayView.swift; sourceTree = "<group>"; };
		A5B5A718207437A800578966 /* CalendarFormatter.swift */ = {isa = PBXFileReference; lastKnownFileType = sourcecode.swift; path = CalendarFormatter.swift; sourceTree = "<group>"; };
		A5B5A71A2074391A00578966 /* Localizable.strings */ = {isa = PBXFileReference; lastKnownFileType = text.plist.strings; path = Localizable.strings; sourceTree = "<group>"; };
		A5B5A71D2076AA4B00578966 /* CalendarEvents.swift */ = {isa = PBXFileReference; lastKnownFileType = sourcecode.swift; path = CalendarEvents.swift; sourceTree = "<group>"; };
		A5B5A720207702AF00578966 /* AgendaHeaderView.swift */ = {isa = PBXFileReference; lastKnownFileType = sourcecode.swift; path = AgendaHeaderView.swift; sourceTree = "<group>"; };
		A5B5A722207702DE00578966 /* EmptyAgendaCell.swift */ = {isa = PBXFileReference; lastKnownFileType = sourcecode.swift; path = EmptyAgendaCell.swift; sourceTree = "<group>"; };
		A5DFCB5A206B65960093D9F2 /* UIView+Extension.swift */ = {isa = PBXFileReference; lastKnownFileType = sourcecode.swift; path = "UIView+Extension.swift"; sourceTree = "<group>"; };
		A5F2E526206F4E7900106F71 /* AgendaCell.swift */ = {isa = PBXFileReference; lastKnownFileType = sourcecode.swift; path = AgendaCell.swift; sourceTree = "<group>"; };
		A5F87257207B47A000D488E9 /* AgendaView.swift */ = {isa = PBXFileReference; lastKnownFileType = sourcecode.swift; path = AgendaView.swift; sourceTree = "<group>"; };
/* End PBXFileReference section */

/* Begin PBXFrameworksBuildPhase section */
		A54A394620637F6A00CA6EBD /* Frameworks */ = {
			isa = PBXFrameworksBuildPhase;
			buildActionMask = 2147483647;
			files = (
			);
			runOnlyForDeploymentPostprocessing = 0;
		};
		A54A395A20637F6A00CA6EBD /* Frameworks */ = {
			isa = PBXFrameworksBuildPhase;
			buildActionMask = 2147483647;
			files = (
			);
			runOnlyForDeploymentPostprocessing = 0;
		};
/* End PBXFrameworksBuildPhase section */

/* Begin PBXGroup section */
		A54A394020637F6A00CA6EBD = {
			isa = PBXGroup;
			children = (
				A54A394B20637F6A00CA6EBD /* MyCalendar */,
				A54A396020637F6A00CA6EBD /* MyCalendarTests */,
				A54A394A20637F6A00CA6EBD /* Products */,
			);
			sourceTree = "<group>";
		};
		A54A394A20637F6A00CA6EBD /* Products */ = {
			isa = PBXGroup;
			children = (
				A54A394920637F6A00CA6EBD /* MyCalendar.app */,
				A54A395D20637F6A00CA6EBD /* MyCalendarTests.xctest */,
			);
			name = Products;
			sourceTree = "<group>";
		};
		A54A394B20637F6A00CA6EBD /* MyCalendar */ = {
			isa = PBXGroup;
			children = (
				A59298802064ECD3005E1F4D /* Extensions */,
				A5B5A71C2076AA3000578966 /* Models */,
				A5B5A7162074343A00578966 /* Resources */,
				A5B5A7172074376000578966 /* Utilities */,
				A54A396C2063884A00CA6EBD /* Views */,
				A54A394C20637F6A00CA6EBD /* AppDelegate.swift */,
				A54A394E20637F6A00CA6EBD /* CalendarController.swift */,
				A54A395820637F6A00CA6EBD /* Info.plist */,
			);
			path = MyCalendar;
			sourceTree = "<group>";
		};
		A54A396020637F6A00CA6EBD /* MyCalendarTests */ = {
			isa = PBXGroup;
			children = (
				A54A396120637F6A00CA6EBD /* MyCalendarTests.swift */,
				A54A396320637F6A00CA6EBD /* Info.plist */,
			);
			path = MyCalendarTests;
			sourceTree = "<group>";
		};
		A54A396C2063884A00CA6EBD /* Views */ = {
			isa = PBXGroup;
			children = (
				A5B5A71F2077027700578966 /* Agenda */,
				A5F87259207C39FF00D488E9 /* Calendar */,
			);
			path = Views;
			sourceTree = "<group>";
		};
		A59298802064ECD3005E1F4D /* Extensions */ = {
			isa = PBXGroup;
			children = (
				A59298832064ED07005E1F4D /* Calendar+Extension.swift */,
				A59298812064ECE6005E1F4D /* Date+Extension.swift */,
				A592988A20663589005E1F4D /* UIScreen+Extension.swift */,
				A5DFCB5A206B65960093D9F2 /* UIView+Extension.swift */,
			);
			path = Extensions;
			sourceTree = "<group>";
		};
		A5B5A7162074343A00578966 /* Resources */ = {
			isa = PBXGroup;
			children = (
				A54A395320637F6A00CA6EBD /* Assets.xcassets */,
				A54A395520637F6A00CA6EBD /* LaunchScreen.storyboard */,
				A5B5A71A2074391A00578966 /* Localizable.strings */,
			);
			path = Resources;
			sourceTree = "<group>";
		};
		A5B5A7172074376000578966 /* Utilities */ = {
			isa = PBXGroup;
			children = (
				A5B5A718207437A800578966 /* CalendarFormatter.swift */,
			);
			path = Utilities;
			sourceTree = "<group>";
		};
		A5B5A71C2076AA3000578966 /* Models */ = {
			isa = PBXGroup;
			children = (
				A5B5A71D2076AA4B00578966 /* CalendarEvents.swift */,
			);
			path = Models;
			sourceTree = "<group>";
		};
		A5B5A71F2077027700578966 /* Agenda */ = {
			isa = PBXGroup;
			children = (
				A5F2E526206F4E7900106F71 /* AgendaCell.swift */,
				A5B5A720207702AF00578966 /* AgendaHeaderView.swift */,
				A5F87257207B47A000D488E9 /* AgendaView.swift */,
				A5B5A722207702DE00578966 /* EmptyAgendaCell.swift */,
			);
			path = Agenda;
			sourceTree = "<group>";
		};
		A5F87259207C39FF00D488E9 /* Calendar */ = {
			isa = PBXGroup;
			children = (
				A592988E206A36AE005E1F4D /* CalendarDayView.swift */,
				A592987E2064E220005E1F4D /* CalendarHeaderView.swift */,
				A54A396D2063886200CA6EBD /* CalendarView.swift */,
				A592987C2064DF7A005E1F4D /* CalendarWeekCell.swift */,
			);
			path = Calendar;
			sourceTree = "<group>";
		};
/* End PBXGroup section */

/* Begin PBXNativeTarget section */
		A54A394820637F6A00CA6EBD /* MyCalendar */ = {
			isa = PBXNativeTarget;
			buildConfigurationList = A54A396620637F6A00CA6EBD /* Build configuration list for PBXNativeTarget "MyCalendar" */;
			buildPhases = (
				A54A394520637F6A00CA6EBD /* Sources */,
				A54A394620637F6A00CA6EBD /* Frameworks */,
				A54A394720637F6A00CA6EBD /* Resources */,
			);
			buildRules = (
			);
			dependencies = (
			);
			name = MyCalendar;
			productName = MyCalendar;
			productReference = A54A394920637F6A00CA6EBD /* MyCalendar.app */;
			productType = "com.apple.product-type.application";
		};
		A54A395C20637F6A00CA6EBD /* MyCalendarTests */ = {
			isa = PBXNativeTarget;
			buildConfigurationList = A54A396920637F6A00CA6EBD /* Build configuration list for PBXNativeTarget "MyCalendarTests" */;
			buildPhases = (
				A54A395920637F6A00CA6EBD /* Sources */,
				A54A395A20637F6A00CA6EBD /* Frameworks */,
				A54A395B20637F6A00CA6EBD /* Resources */,
			);
			buildRules = (
			);
			dependencies = (
				A54A395F20637F6A00CA6EBD /* PBXTargetDependency */,
			);
			name = MyCalendarTests;
			productName = MyCalendarTests;
			productReference = A54A395D20637F6A00CA6EBD /* MyCalendarTests.xctest */;
			productType = "com.apple.product-type.bundle.unit-test";
		};
/* End PBXNativeTarget section */

/* Begin PBXProject section */
		A54A394120637F6A00CA6EBD /* Project object */ = {
			isa = PBXProject;
			attributes = {
				LastSwiftUpdateCheck = 0920;
				LastUpgradeCheck = 0920;
				ORGANIZATIONNAME = "Vlad Filyakov";
				TargetAttributes = {
					A54A394820637F6A00CA6EBD = {
						CreatedOnToolsVersion = 9.2;
						ProvisioningStyle = Automatic;
					};
					A54A395C20637F6A00CA6EBD = {
						CreatedOnToolsVersion = 9.2;
						ProvisioningStyle = Automatic;
						TestTargetID = A54A394820637F6A00CA6EBD;
					};
				};
			};
			buildConfigurationList = A54A394420637F6A00CA6EBD /* Build configuration list for PBXProject "MyCalendar" */;
			compatibilityVersion = "Xcode 8.0";
			developmentRegion = en;
			hasScannedForEncodings = 0;
			knownRegions = (
				en,
				Base,
			);
			mainGroup = A54A394020637F6A00CA6EBD;
			productRefGroup = A54A394A20637F6A00CA6EBD /* Products */;
			projectDirPath = "";
			projectRoot = "";
			targets = (
				A54A394820637F6A00CA6EBD /* MyCalendar */,
				A54A395C20637F6A00CA6EBD /* MyCalendarTests */,
			);
		};
/* End PBXProject section */

/* Begin PBXResourcesBuildPhase section */
		A54A394720637F6A00CA6EBD /* Resources */ = {
			isa = PBXResourcesBuildPhase;
			buildActionMask = 2147483647;
			files = (
				A54A395720637F6A00CA6EBD /* LaunchScreen.storyboard in Resources */,
				A5B5A71B2074391A00578966 /* Localizable.strings in Resources */,
				A54A395420637F6A00CA6EBD /* Assets.xcassets in Resources */,
			);
			runOnlyForDeploymentPostprocessing = 0;
		};
		A54A395B20637F6A00CA6EBD /* Resources */ = {
			isa = PBXResourcesBuildPhase;
			buildActionMask = 2147483647;
			files = (
			);
			runOnlyForDeploymentPostprocessing = 0;
		};
/* End PBXResourcesBuildPhase section */

/* Begin PBXSourcesBuildPhase section */
		A54A394520637F6A00CA6EBD /* Sources */ = {
			isa = PBXSourcesBuildPhase;
			buildActionMask = 2147483647;
			files = (
				A5F2E527206F4E7900106F71 /* AgendaCell.swift in Sources */,
				A59298842064ED07005E1F4D /* Calendar+Extension.swift in Sources */,
				A592988B20663589005E1F4D /* UIScreen+Extension.swift in Sources */,
				A54A394F20637F6A00CA6EBD /* CalendarController.swift in Sources */,
				A592987D2064DF7A005E1F4D /* CalendarWeekCell.swift in Sources */,
				A5B5A721207702AF00578966 /* AgendaHeaderView.swift in Sources */,
				A5F87258207B47A000D488E9 /* AgendaView.swift in Sources */,
				A54A394D20637F6A00CA6EBD /* AppDelegate.swift in Sources */,
				A592987F2064E220005E1F4D /* CalendarHeaderView.swift in Sources */,
				A592988F206A36AE005E1F4D /* CalendarDayView.swift in Sources */,
				A5B5A719207437A800578966 /* CalendarFormatter.swift in Sources */,
				A5B5A723207702DE00578966 /* EmptyAgendaCell.swift in Sources */,
				A54A396E2063886200CA6EBD /* CalendarView.swift in Sources */,
				A5DFCB5B206B65960093D9F2 /* UIView+Extension.swift in Sources */,
				A59298822064ECE6005E1F4D /* Date+Extension.swift in Sources */,
				A5B5A71E2076AA4B00578966 /* CalendarEvents.swift in Sources */,
			);
			runOnlyForDeploymentPostprocessing = 0;
		};
		A54A395920637F6A00CA6EBD /* Sources */ = {
			isa = PBXSourcesBuildPhase;
			buildActionMask = 2147483647;
			files = (
				A54A396220637F6A00CA6EBD /* MyCalendarTests.swift in Sources */,
			);
			runOnlyForDeploymentPostprocessing = 0;
		};
/* End PBXSourcesBuildPhase section */

/* Begin PBXTargetDependency section */
		A54A395F20637F6A00CA6EBD /* PBXTargetDependency */ = {
			isa = PBXTargetDependency;
			target = A54A394820637F6A00CA6EBD /* MyCalendar */;
			targetProxy = A54A395E20637F6A00CA6EBD /* PBXContainerItemProxy */;
		};
/* End PBXTargetDependency section */

/* Begin PBXVariantGroup section */
		A54A395520637F6A00CA6EBD /* LaunchScreen.storyboard */ = {
			isa = PBXVariantGroup;
			children = (
				A54A395620637F6A00CA6EBD /* Base */,
			);
			name = LaunchScreen.storyboard;
			sourceTree = "<group>";
		};
/* End PBXVariantGroup section */

/* Begin XCBuildConfiguration section */
		A54A396420637F6A00CA6EBD /* Debug */ = {
			isa = XCBuildConfiguration;
			buildSettings = {
				ALWAYS_SEARCH_USER_PATHS = NO;
				CLANG_ANALYZER_NONNULL = YES;
				CLANG_ANALYZER_NUMBER_OBJECT_CONVERSION = YES_AGGRESSIVE;
				CLANG_CXX_LANGUAGE_STANDARD = "gnu++14";
				CLANG_CXX_LIBRARY = "libc++";
				CLANG_ENABLE_MODULES = YES;
				CLANG_ENABLE_OBJC_ARC = YES;
				CLANG_WARN_BLOCK_CAPTURE_AUTORELEASING = YES;
				CLANG_WARN_BOOL_CONVERSION = YES;
				CLANG_WARN_COMMA = YES;
				CLANG_WARN_CONSTANT_CONVERSION = YES;
				CLANG_WARN_DIRECT_OBJC_ISA_USAGE = YES_ERROR;
				CLANG_WARN_DOCUMENTATION_COMMENTS = YES;
				CLANG_WARN_EMPTY_BODY = YES;
				CLANG_WARN_ENUM_CONVERSION = YES;
				CLANG_WARN_INFINITE_RECURSION = YES;
				CLANG_WARN_INT_CONVERSION = YES;
				CLANG_WARN_NON_LITERAL_NULL_CONVERSION = YES;
				CLANG_WARN_OBJC_LITERAL_CONVERSION = YES;
				CLANG_WARN_OBJC_ROOT_CLASS = YES_ERROR;
				CLANG_WARN_RANGE_LOOP_ANALYSIS = YES;
				CLANG_WARN_STRICT_PROTOTYPES = YES;
				CLANG_WARN_SUSPICIOUS_MOVE = YES;
				CLANG_WARN_UNGUARDED_AVAILABILITY = YES_AGGRESSIVE;
				CLANG_WARN_UNREACHABLE_CODE = YES;
				CLANG_WARN__DUPLICATE_METHOD_MATCH = YES;
				CODE_SIGN_IDENTITY = "iPhone Developer";
				COPY_PHASE_STRIP = NO;
				DEBUG_INFORMATION_FORMAT = dwarf;
				ENABLE_STRICT_OBJC_MSGSEND = YES;
				ENABLE_TESTABILITY = YES;
				GCC_C_LANGUAGE_STANDARD = gnu11;
				GCC_DYNAMIC_NO_PIC = NO;
				GCC_NO_COMMON_BLOCKS = YES;
				GCC_OPTIMIZATION_LEVEL = 0;
				GCC_PREPROCESSOR_DEFINITIONS = (
					"DEBUG=1",
					"$(inherited)",
				);
				GCC_WARN_64_TO_32_BIT_CONVERSION = YES;
				GCC_WARN_ABOUT_RETURN_TYPE = YES_ERROR;
				GCC_WARN_UNDECLARED_SELECTOR = YES;
				GCC_WARN_UNINITIALIZED_AUTOS = YES_AGGRESSIVE;
				GCC_WARN_UNUSED_FUNCTION = YES;
				GCC_WARN_UNUSED_VARIABLE = YES;
				IPHONEOS_DEPLOYMENT_TARGET = 11.2;
				MTL_ENABLE_DEBUG_INFO = YES;
				ONLY_ACTIVE_ARCH = YES;
				SDKROOT = iphoneos;
				SWIFT_ACTIVE_COMPILATION_CONDITIONS = DEBUG;
				SWIFT_OPTIMIZATION_LEVEL = "-Onone";
			};
			name = Debug;
		};
		A54A396520637F6A00CA6EBD /* Release */ = {
			isa = XCBuildConfiguration;
			buildSettings = {
				ALWAYS_SEARCH_USER_PATHS = NO;
				CLANG_ANALYZER_NONNULL = YES;
				CLANG_ANALYZER_NUMBER_OBJECT_CONVERSION = YES_AGGRESSIVE;
				CLANG_CXX_LANGUAGE_STANDARD = "gnu++14";
				CLANG_CXX_LIBRARY = "libc++";
				CLANG_ENABLE_MODULES = YES;
				CLANG_ENABLE_OBJC_ARC = YES;
				CLANG_WARN_BLOCK_CAPTURE_AUTORELEASING = YES;
				CLANG_WARN_BOOL_CONVERSION = YES;
				CLANG_WARN_COMMA = YES;
				CLANG_WARN_CONSTANT_CONVERSION = YES;
				CLANG_WARN_DIRECT_OBJC_ISA_USAGE = YES_ERROR;
				CLANG_WARN_DOCUMENTATION_COMMENTS = YES;
				CLANG_WARN_EMPTY_BODY = YES;
				CLANG_WARN_ENUM_CONVERSION = YES;
				CLANG_WARN_INFINITE_RECURSION = YES;
				CLANG_WARN_INT_CONVERSION = YES;
				CLANG_WARN_NON_LITERAL_NULL_CONVERSION = YES;
				CLANG_WARN_OBJC_LITERAL_CONVERSION = YES;
				CLANG_WARN_OBJC_ROOT_CLASS = YES_ERROR;
				CLANG_WARN_RANGE_LOOP_ANALYSIS = YES;
				CLANG_WARN_STRICT_PROTOTYPES = YES;
				CLANG_WARN_SUSPICIOUS_MOVE = YES;
				CLANG_WARN_UNGUARDED_AVAILABILITY = YES_AGGRESSIVE;
				CLANG_WARN_UNREACHABLE_CODE = YES;
				CLANG_WARN__DUPLICATE_METHOD_MATCH = YES;
				CODE_SIGN_IDENTITY = "iPhone Developer";
				COPY_PHASE_STRIP = NO;
				DEBUG_INFORMATION_FORMAT = "dwarf-with-dsym";
				ENABLE_NS_ASSERTIONS = NO;
				ENABLE_STRICT_OBJC_MSGSEND = YES;
				GCC_C_LANGUAGE_STANDARD = gnu11;
				GCC_NO_COMMON_BLOCKS = YES;
				GCC_WARN_64_TO_32_BIT_CONVERSION = YES;
				GCC_WARN_ABOUT_RETURN_TYPE = YES_ERROR;
				GCC_WARN_UNDECLARED_SELECTOR = YES;
				GCC_WARN_UNINITIALIZED_AUTOS = YES_AGGRESSIVE;
				GCC_WARN_UNUSED_FUNCTION = YES;
				GCC_WARN_UNUSED_VARIABLE = YES;
				IPHONEOS_DEPLOYMENT_TARGET = 11.2;
				MTL_ENABLE_DEBUG_INFO = NO;
				SDKROOT = iphoneos;
				SWIFT_OPTIMIZATION_LEVEL = "-Owholemodule";
				VALIDATE_PRODUCT = YES;
			};
			name = Release;
		};
		A54A396720637F6A00CA6EBD /* Debug */ = {
			isa = XCBuildConfiguration;
			buildSettings = {
				ASSETCATALOG_COMPILER_APPICON_NAME = AppIcon;
				CODE_SIGN_STYLE = Automatic;
				DEVELOPMENT_TEAM = 7LG7M9ESJD;
				INFOPLIST_FILE = MyCalendar/Info.plist;
				LD_RUNPATH_SEARCH_PATHS = "$(inherited) @executable_path/Frameworks";
				PRODUCT_BUNDLE_IDENTIFIER = com.filyakov.MyCalendar;
				PRODUCT_NAME = "$(TARGET_NAME)";
				SWIFT_VERSION = 4.0;
				TARGETED_DEVICE_FAMILY = 1;
			};
			name = Debug;
		};
		A54A396820637F6A00CA6EBD /* Release */ = {
			isa = XCBuildConfiguration;
			buildSettings = {
				ASSETCATALOG_COMPILER_APPICON_NAME = AppIcon;
				CODE_SIGN_STYLE = Automatic;
				DEVELOPMENT_TEAM = 7LG7M9ESJD;
				INFOPLIST_FILE = MyCalendar/Info.plist;
				LD_RUNPATH_SEARCH_PATHS = "$(inherited) @executable_path/Frameworks";
				PRODUCT_BUNDLE_IDENTIFIER = com.filyakov.MyCalendar;
				PRODUCT_NAME = "$(TARGET_NAME)";
				SWIFT_VERSION = 4.0;
				TARGETED_DEVICE_FAMILY = 1;
			};
			name = Release;
		};
		A54A396A20637F6A00CA6EBD /* Debug */ = {
			isa = XCBuildConfiguration;
			buildSettings = {
				ALWAYS_EMBED_SWIFT_STANDARD_LIBRARIES = YES;
				BUNDLE_LOADER = "$(TEST_HOST)";
				CODE_SIGN_STYLE = Automatic;
				DEVELOPMENT_TEAM = 7LG7M9ESJD;
				INFOPLIST_FILE = MyCalendarTests/Info.plist;
				LD_RUNPATH_SEARCH_PATHS = "$(inherited) @executable_path/Frameworks @loader_path/Frameworks";
				PRODUCT_BUNDLE_IDENTIFIER = com.filyakov.MyCalendarTests;
				PRODUCT_NAME = "$(TARGET_NAME)";
				SWIFT_VERSION = 4.0;
				TARGETED_DEVICE_FAMILY = "1,2";
				TEST_HOST = "$(BUILT_PRODUCTS_DIR)/MyCalendar.app/MyCalendar";
			};
			name = Debug;
		};
		A54A396B20637F6A00CA6EBD /* Release */ = {
			isa = XCBuildConfiguration;
			buildSettings = {
				ALWAYS_EMBED_SWIFT_STANDARD_LIBRARIES = YES;
				BUNDLE_LOADER = "$(TEST_HOST)";
				CODE_SIGN_STYLE = Automatic;
				DEVELOPMENT_TEAM = 7LG7M9ESJD;
				INFOPLIST_FILE = MyCalendarTests/Info.plist;
				LD_RUNPATH_SEARCH_PATHS = "$(inherited) @executable_path/Frameworks @loader_path/Frameworks";
				PRODUCT_BUNDLE_IDENTIFIER = com.filyakov.MyCalendarTests;
				PRODUCT_NAME = "$(TARGET_NAME)";
				SWIFT_VERSION = 4.0;
				TARGETED_DEVICE_FAMILY = "1,2";
				TEST_HOST = "$(BUILT_PRODUCTS_DIR)/MyCalendar.app/MyCalendar";
			};
			name = Release;
		};
/* End XCBuildConfiguration section */

/* Begin XCConfigurationList section */
		A54A394420637F6A00CA6EBD /* Build configuration list for PBXProject "MyCalendar" */ = {
			isa = XCConfigurationList;
			buildConfigurations = (
				A54A396420637F6A00CA6EBD /* Debug */,
				A54A396520637F6A00CA6EBD /* Release */,
			);
			defaultConfigurationIsVisible = 0;
			defaultConfigurationName = Release;
		};
		A54A396620637F6A00CA6EBD /* Build configuration list for PBXNativeTarget "MyCalendar" */ = {
			isa = XCConfigurationList;
			buildConfigurations = (
				A54A396720637F6A00CA6EBD /* Debug */,
				A54A396820637F6A00CA6EBD /* Release */,
			);
			defaultConfigurationIsVisible = 0;
			defaultConfigurationName = Release;
		};
		A54A396920637F6A00CA6EBD /* Build configuration list for PBXNativeTarget "MyCalendarTests" */ = {
			isa = XCConfigurationList;
			buildConfigurations = (
				A54A396A20637F6A00CA6EBD /* Debug */,
				A54A396B20637F6A00CA6EBD /* Release */,
			);
			defaultConfigurationIsVisible = 0;
			defaultConfigurationName = Release;
		};
/* End XCConfigurationList section */
	};
	rootObject = A54A394120637F6A00CA6EBD /* Project object */;
}
